// !$*UTF8*$!
{
	archiveVersion = 1;
	classes = {
	};
	objectVersion = 50;
	objects = {

/* Begin PBXBuildFile section */
		84530469257C7F0B00F0816E /* AmongSound.swift in Sources */ = {isa = PBXBuildFile; fileRef = 84530468257C7F0B00F0816E /* AmongSound.swift */; };
		8453049B257C813300F0816E /* Beverage.mp3 in Resources */ = {isa = PBXBuildFile; fileRef = 8453046B257C813100F0816E /* Beverage.mp3 */; };
		8453049C257C813300F0816E /* Astroid-Hit.mp3 in Resources */ = {isa = PBXBuildFile; fileRef = 8453046C257C813100F0816E /* Astroid-Hit.mp3 */; };
		8453049D257C813300F0816E /* Kill.mp3 in Resources */ = {isa = PBXBuildFile; fileRef = 8453046D257C813100F0816E /* Kill.mp3 */; };
		8453049E257C813300F0816E /* Message.mp3 in Resources */ = {isa = PBXBuildFile; fileRef = 8453046E257C813100F0816E /* Message.mp3 */; };
		8453049F257C813300F0816E /* Death-3-Gun.mp3 in Resources */ = {isa = PBXBuildFile; fileRef = 8453046F257C813100F0816E /* Death-3-Gun.mp3 */; };
		845304A0257C813300F0816E /* All-Vote-Typing.mp3 in Resources */ = {isa = PBXBuildFile; fileRef = 84530470257C813100F0816E /* All-Vote-Typing.mp3 */; };
		845304A1257C813300F0816E /* Crew-Win.mp3 in Resources */ = {isa = PBXBuildFile; fileRef = 84530471257C813100F0816E /* Crew-Win.mp3 */; };
		845304A2257C813300F0816E /* Walking-Concrete.mp3 in Resources */ = {isa = PBXBuildFile; fileRef = 84530472257C813100F0816E /* Walking-Concrete.mp3 */; };
		845304A3257C813300F0816E /* Walking-Gravel.mp3 in Resources */ = {isa = PBXBuildFile; fileRef = 84530473257C813100F0816E /* Walking-Gravel.mp3 */; };
		845304A4257C813300F0816E /* Walking-Hardwood.mp3 in Resources */ = {isa = PBXBuildFile; fileRef = 84530474257C813100F0816E /* Walking-Hardwood.mp3 */; };
		845304A5257C813300F0816E /* Death-4-Neck.mp3 in Resources */ = {isa = PBXBuildFile; fileRef = 84530475257C813100F0816E /* Death-4-Neck.mp3 */; };
		845304A6257C813300F0816E /* Light-Switch.mp3 in Resources */ = {isa = PBXBuildFile; fileRef = 84530476257C813200F0816E /* Light-Switch.mp3 */; };
		845304A7257C813300F0816E /* Vent-Move.mp3 in Resources */ = {isa = PBXBuildFile; fileRef = 84530477257C813200F0816E /* Vent-Move.mp3 */; };
		845304A8257C813300F0816E /* Vote-Timer.mp3 in Resources */ = {isa = PBXBuildFile; fileRef = 84530478257C813200F0816E /* Vote-Timer.mp3 */; };
		845304A9257C813300F0816E /* Death-1.mp3 in Resources */ = {isa = PBXBuildFile; fileRef = 84530479257C813200F0816E /* Death-1.mp3 */; };
		845304AA257C813300F0816E /* Astroid-Shoot.mp3 in Resources */ = {isa = PBXBuildFile; fileRef = 8453047A257C813200F0816E /* Astroid-Shoot.mp3 */; };
		845304AB257C813300F0816E /* Electric-Zapping-Snow.mp3 in Resources */ = {isa = PBXBuildFile; fileRef = 8453047B257C813200F0816E /* Electric-Zapping-Snow.mp3 */; };
		845304AC257C813300F0816E /* Death-2-Stabbing.mp3 in Resources */ = {isa = PBXBuildFile; fileRef = 8453047C257C813200F0816E /* Death-2-Stabbing.mp3 */; };
		845304AD257C813300F0816E /* Medbay-Scan.mp3 in Resources */ = {isa = PBXBuildFile; fileRef = 8453047D257C813200F0816E /* Medbay-Scan.mp3 */; };
		845304AE257C813300F0816E /* Impostor-Win.mp3 in Resources */ = {isa = PBXBuildFile; fileRef = 8453047E257C813200F0816E /* Impostor-Win.mp3 */; };
		845304AF257C813300F0816E /* Buying-Beverage.mp3 in Resources */ = {isa = PBXBuildFile; fileRef = 8453047F257C813200F0816E /* Buying-Beverage.mp3 */; };
		845304B0257C813300F0816E /* Player-Spawn.mp3 in Resources */ = {isa = PBXBuildFile; fileRef = 84530480257C813200F0816E /* Player-Spawn.mp3 */; };
		845304B1257C813300F0816E /* Vote-Lock-In.mp3 in Resources */ = {isa = PBXBuildFile; fileRef = 84530481257C813200F0816E /* Vote-Lock-In.mp3 */; };
		845304B2257C813300F0816E /* Fixing-Communication.mp3 in Resources */ = {isa = PBXBuildFile; fileRef = 84530482257C813200F0816E /* Fixing-Communication.mp3 */; };
		845304B3257C813300F0816E /* Vent-Out.mp3 in Resources */ = {isa = PBXBuildFile; fileRef = 84530483257C813200F0816E /* Vent-Out.mp3 */; };
		845304B4257C813300F0816E /* Walking-Carpet.mp3 in Resources */ = {isa = PBXBuildFile; fileRef = 84530484257C813200F0816E /* Walking-Carpet.mp3 */; };
		845304B5257C813300F0816E /* Spaceship-Ambiance-Lobby.mp3 in Resources */ = {isa = PBXBuildFile; fileRef = 84530485257C813200F0816E /* Spaceship-Ambiance-Lobby.mp3 */; };
		845304B6257C813300F0816E /* Joining-Lobby.mp3 in Resources */ = {isa = PBXBuildFile; fileRef = 84530486257C813200F0816E /* Joining-Lobby.mp3 */; };
		845304B7257C813300F0816E /* Door-Open-Sabotage.mp3 in Resources */ = {isa = PBXBuildFile; fileRef = 84530487257C813200F0816E /* Door-Open-Sabotage.mp3 */; };
		845304B8257C813300F0816E /* Glass-Door-Slide-Close.mp3 in Resources */ = {isa = PBXBuildFile; fileRef = 84530488257C813200F0816E /* Glass-Door-Slide-Close.mp3 */; };
		845304B9257C813300F0816E /* Comms-Radio.mp3 in Resources */ = {isa = PBXBuildFile; fileRef = 84530489257C813300F0816E /* Comms-Radio.mp3 */; };
		845304BA257C813300F0816E /* Main-Theme.mp3 in Resources */ = {isa = PBXBuildFile; fileRef = 8453048A257C813300F0816E /* Main-Theme.mp3 */; };
		845304BB257C813300F0816E /* Eject-Lava.mp3 in Resources */ = {isa = PBXBuildFile; fileRef = 8453048B257C813300F0816E /* Eject-Lava.mp3 */; };
		845304BC257C813300F0816E /* Body-Found.mp3 in Resources */ = {isa = PBXBuildFile; fileRef = 8453048C257C813300F0816E /* Body-Found.mp3 */; };
		845304BD257C813300F0816E /* Role-Reveal.mp3 in Resources */ = {isa = PBXBuildFile; fileRef = 8453048D257C813300F0816E /* Role-Reveal.mp3 */; };
		845304BE257C813300F0816E /* Walking-Dirt.mp3 in Resources */ = {isa = PBXBuildFile; fileRef = 8453048E257C813300F0816E /* Walking-Dirt.mp3 */; };
		845304BF257C813300F0816E /* Engine-Zapping.mp3 in Resources */ = {isa = PBXBuildFile; fileRef = 8453048F257C813300F0816E /* Engine-Zapping.mp3 */; };
		845304C0257C813300F0816E /* Emergency-Meeting.mp3 in Resources */ = {isa = PBXBuildFile; fileRef = 84530490257C813300F0816E /* Emergency-Meeting.mp3 */; };
		845304C1257C813300F0816E /* Decontamination-Gas.mp3 in Resources */ = {isa = PBXBuildFile; fileRef = 84530491257C813300F0816E /* Decontamination-Gas.mp3 */; };
		845304C2257C813300F0816E /* Walking-Metal.mp3 in Resources */ = {isa = PBXBuildFile; fileRef = 84530492257C813300F0816E /* Walking-Metal.mp3 */; };
		845304C3257C813300F0816E /* Reactor-Place-Hand.mp3 in Resources */ = {isa = PBXBuildFile; fileRef = 84530493257C813300F0816E /* Reactor-Place-Hand.mp3 */; };
		845304C4257C813300F0816E /* Vote-Other-Voted.mp3 in Resources */ = {isa = PBXBuildFile; fileRef = 84530494257C813300F0816E /* Vote-Other-Voted.mp3 */; };
		845304C5257C813300F0816E /* Walking-Snow.mp3 in Resources */ = {isa = PBXBuildFile; fileRef = 84530495257C813300F0816E /* Walking-Snow.mp3 */; };
		845304C6257C813300F0816E /* Walking-Glass.mp3 in Resources */ = {isa = PBXBuildFile; fileRef = 84530496257C813300F0816E /* Walking-Glass.mp3 */; };
		845304C7257C813300F0816E /* Crisis.mp3 in Resources */ = {isa = PBXBuildFile; fileRef = 84530497257C813300F0816E /* Crisis.mp3 */; };
		845304C8257C813300F0816E /* Door-Close-Sabotage.mp3 in Resources */ = {isa = PBXBuildFile; fileRef = 84530498257C813300F0816E /* Door-Close-Sabotage.mp3 */; };
		845304C9257C813300F0816E /* Reactor-Meldown.mp3 in Resources */ = {isa = PBXBuildFile; fileRef = 84530499257C813300F0816E /* Reactor-Meldown.mp3 */; };
		845304CA257C813300F0816E /* Task-Complete.mp3 in Resources */ = {isa = PBXBuildFile; fileRef = 8453049A257C813300F0816E /* Task-Complete.mp3 */; };
		845304CF257C8C3E00F0816E /* SoundService.swift in Sources */ = {isa = PBXBuildFile; fileRef = 845304CE257C8C3E00F0816E /* SoundService.swift */; };
		845304D4257C926800F0816E /* Colors.swift in Sources */ = {isa = PBXBuildFile; fileRef = 845304D3257C926800F0816E /* Colors.swift */; };
		845304DB257C932100F0816E /* AppLogo.swift in Sources */ = {isa = PBXBuildFile; fileRef = 845304DA257C932100F0816E /* AppLogo.swift */; };
		845304E0257C974100F0816E /* ScreenSize.swift in Sources */ = {isa = PBXBuildFile; fileRef = 845304DF257C974100F0816E /* ScreenSize.swift */; };
		845304EC257CA1A200F0816E /* CustomRoundedButtonStyle.swift in Sources */ = {isa = PBXBuildFile; fileRef = 845304EB257CA1A200F0816E /* CustomRoundedButtonStyle.swift */; };
		845304F0257CA60200F0816E /* HelpButtonsStack.swift in Sources */ = {isa = PBXBuildFile; fileRef = 845304EF257CA60200F0816E /* HelpButtonsStack.swift */; };
		845304F4257CAEC300F0816E /* SoundboardView.swift in Sources */ = {isa = PBXBuildFile; fileRef = 845304F3257CAEC300F0816E /* SoundboardView.swift */; };
		845304FD257CAF1500F0816E /* SoundButtonCell.swift in Sources */ = {isa = PBXBuildFile; fileRef = 845304FC257CAF1500F0816E /* SoundButtonCell.swift */; };
		84530504257CD64700F0816E /* CustomNavigationViewsStyle.swift in Sources */ = {isa = PBXBuildFile; fileRef = 84530503257CD64700F0816E /* CustomNavigationViewsStyle.swift */; };
		845A3A1B257BF2C000735EDF /* AppDelegate.swift in Sources */ = {isa = PBXBuildFile; fileRef = 845A3A1A257BF2C000735EDF /* AppDelegate.swift */; };
		845A3A1D257BF2C000735EDF /* SceneDelegate.swift in Sources */ = {isa = PBXBuildFile; fileRef = 845A3A1C257BF2C000735EDF /* SceneDelegate.swift */; };
		845A3A1F257BF2C000735EDF /* MainView.swift in Sources */ = {isa = PBXBuildFile; fileRef = 845A3A1E257BF2C000735EDF /* MainView.swift */; };
		845A3A21257BF2C100735EDF /* Assets.xcassets in Resources */ = {isa = PBXBuildFile; fileRef = 845A3A20257BF2C100735EDF /* Assets.xcassets */; };
		845A3A24257BF2C100735EDF /* Preview Assets.xcassets in Resources */ = {isa = PBXBuildFile; fileRef = 845A3A23257BF2C100735EDF /* Preview Assets.xcassets */; };
		845A3A27257BF2C100735EDF /* LaunchScreen.storyboard in Resources */ = {isa = PBXBuildFile; fileRef = 845A3A25257BF2C100735EDF /* LaunchScreen.storyboard */; };
		845A3A44257BF97800735EDF /* SoundsList.swift in Sources */ = {isa = PBXBuildFile; fileRef = 845A3A43257BF97800735EDF /* SoundsList.swift */; };
/* End PBXBuildFile section */

/* Begin PBXFileReference section */
		84530468257C7F0B00F0816E /* AmongSound.swift */ = {isa = PBXFileReference; lastKnownFileType = sourcecode.swift; path = AmongSound.swift; sourceTree = "<group>"; };
		8453046B257C813100F0816E /* Beverage.mp3 */ = {isa = PBXFileReference; lastKnownFileType = audio.mp3; path = Beverage.mp3; sourceTree = "<group>"; };
		8453046C257C813100F0816E /* Astroid-Hit.mp3 */ = {isa = PBXFileReference; lastKnownFileType = audio.mp3; path = "Astroid-Hit.mp3"; sourceTree = "<group>"; };
		8453046D257C813100F0816E /* Kill.mp3 */ = {isa = PBXFileReference; lastKnownFileType = audio.mp3; path = Kill.mp3; sourceTree = "<group>"; };
		8453046E257C813100F0816E /* Message.mp3 */ = {isa = PBXFileReference; lastKnownFileType = audio.mp3; path = Message.mp3; sourceTree = "<group>"; };
		8453046F257C813100F0816E /* Death-3-Gun.mp3 */ = {isa = PBXFileReference; lastKnownFileType = audio.mp3; path = "Death-3-Gun.mp3"; sourceTree = "<group>"; };
		84530470257C813100F0816E /* All-Vote-Typing.mp3 */ = {isa = PBXFileReference; lastKnownFileType = audio.mp3; path = "All-Vote-Typing.mp3"; sourceTree = "<group>"; };
		84530471257C813100F0816E /* Crew-Win.mp3 */ = {isa = PBXFileReference; lastKnownFileType = audio.mp3; path = "Crew-Win.mp3"; sourceTree = "<group>"; };
		84530472257C813100F0816E /* Walking-Concrete.mp3 */ = {isa = PBXFileReference; lastKnownFileType = audio.mp3; path = "Walking-Concrete.mp3"; sourceTree = "<group>"; };
		84530473257C813100F0816E /* Walking-Gravel.mp3 */ = {isa = PBXFileReference; lastKnownFileType = audio.mp3; path = "Walking-Gravel.mp3"; sourceTree = "<group>"; };
		84530474257C813100F0816E /* Walking-Hardwood.mp3 */ = {isa = PBXFileReference; lastKnownFileType = audio.mp3; path = "Walking-Hardwood.mp3"; sourceTree = "<group>"; };
		84530475257C813100F0816E /* Death-4-Neck.mp3 */ = {isa = PBXFileReference; lastKnownFileType = audio.mp3; path = "Death-4-Neck.mp3"; sourceTree = "<group>"; };
		84530476257C813200F0816E /* Light-Switch.mp3 */ = {isa = PBXFileReference; lastKnownFileType = audio.mp3; path = "Light-Switch.mp3"; sourceTree = "<group>"; };
		84530477257C813200F0816E /* Vent-Move.mp3 */ = {isa = PBXFileReference; lastKnownFileType = audio.mp3; path = "Vent-Move.mp3"; sourceTree = "<group>"; };
		84530478257C813200F0816E /* Vote-Timer.mp3 */ = {isa = PBXFileReference; lastKnownFileType = audio.mp3; path = "Vote-Timer.mp3"; sourceTree = "<group>"; };
		84530479257C813200F0816E /* Death-1.mp3 */ = {isa = PBXFileReference; lastKnownFileType = audio.mp3; path = "Death-1.mp3"; sourceTree = "<group>"; };
		8453047A257C813200F0816E /* Astroid-Shoot.mp3 */ = {isa = PBXFileReference; lastKnownFileType = audio.mp3; path = "Astroid-Shoot.mp3"; sourceTree = "<group>"; };
		8453047B257C813200F0816E /* Electric-Zapping-Snow.mp3 */ = {isa = PBXFileReference; lastKnownFileType = audio.mp3; path = "Electric-Zapping-Snow.mp3"; sourceTree = "<group>"; };
		8453047C257C813200F0816E /* Death-2-Stabbing.mp3 */ = {isa = PBXFileReference; lastKnownFileType = audio.mp3; path = "Death-2-Stabbing.mp3"; sourceTree = "<group>"; };
		8453047D257C813200F0816E /* Medbay-Scan.mp3 */ = {isa = PBXFileReference; lastKnownFileType = audio.mp3; path = "Medbay-Scan.mp3"; sourceTree = "<group>"; };
		8453047E257C813200F0816E /* Impostor-Win.mp3 */ = {isa = PBXFileReference; lastKnownFileType = audio.mp3; path = "Impostor-Win.mp3"; sourceTree = "<group>"; };
		8453047F257C813200F0816E /* Buying-Beverage.mp3 */ = {isa = PBXFileReference; lastKnownFileType = audio.mp3; path = "Buying-Beverage.mp3"; sourceTree = "<group>"; };
		84530480257C813200F0816E /* Player-Spawn.mp3 */ = {isa = PBXFileReference; lastKnownFileType = audio.mp3; path = "Player-Spawn.mp3"; sourceTree = "<group>"; };
		84530481257C813200F0816E /* Vote-Lock-In.mp3 */ = {isa = PBXFileReference; lastKnownFileType = audio.mp3; path = "Vote-Lock-In.mp3"; sourceTree = "<group>"; };
		84530482257C813200F0816E /* Fixing-Communication.mp3 */ = {isa = PBXFileReference; lastKnownFileType = audio.mp3; path = "Fixing-Communication.mp3"; sourceTree = "<group>"; };
		84530483257C813200F0816E /* Vent-Out.mp3 */ = {isa = PBXFileReference; lastKnownFileType = audio.mp3; path = "Vent-Out.mp3"; sourceTree = "<group>"; };
		84530484257C813200F0816E /* Walking-Carpet.mp3 */ = {isa = PBXFileReference; lastKnownFileType = audio.mp3; path = "Walking-Carpet.mp3"; sourceTree = "<group>"; };
		84530485257C813200F0816E /* Spaceship-Ambiance-Lobby.mp3 */ = {isa = PBXFileReference; lastKnownFileType = audio.mp3; path = "Spaceship-Ambiance-Lobby.mp3"; sourceTree = "<group>"; };
		84530486257C813200F0816E /* Joining-Lobby.mp3 */ = {isa = PBXFileReference; lastKnownFileType = audio.mp3; path = "Joining-Lobby.mp3"; sourceTree = "<group>"; };
		84530487257C813200F0816E /* Door-Open-Sabotage.mp3 */ = {isa = PBXFileReference; lastKnownFileType = audio.mp3; path = "Door-Open-Sabotage.mp3"; sourceTree = "<group>"; };
		84530488257C813200F0816E /* Glass-Door-Slide-Close.mp3 */ = {isa = PBXFileReference; lastKnownFileType = audio.mp3; path = "Glass-Door-Slide-Close.mp3"; sourceTree = "<group>"; };
		84530489257C813300F0816E /* Comms-Radio.mp3 */ = {isa = PBXFileReference; lastKnownFileType = audio.mp3; path = "Comms-Radio.mp3"; sourceTree = "<group>"; };
		8453048A257C813300F0816E /* Main-Theme.mp3 */ = {isa = PBXFileReference; lastKnownFileType = audio.mp3; path = "Main-Theme.mp3"; sourceTree = "<group>"; };
		8453048B257C813300F0816E /* Eject-Lava.mp3 */ = {isa = PBXFileReference; lastKnownFileType = audio.mp3; path = "Eject-Lava.mp3"; sourceTree = "<group>"; };
		8453048C257C813300F0816E /* Body-Found.mp3 */ = {isa = PBXFileReference; lastKnownFileType = audio.mp3; path = "Body-Found.mp3"; sourceTree = "<group>"; };
		8453048D257C813300F0816E /* Role-Reveal.mp3 */ = {isa = PBXFileReference; lastKnownFileType = audio.mp3; path = "Role-Reveal.mp3"; sourceTree = "<group>"; };
		8453048E257C813300F0816E /* Walking-Dirt.mp3 */ = {isa = PBXFileReference; lastKnownFileType = audio.mp3; path = "Walking-Dirt.mp3"; sourceTree = "<group>"; };
		8453048F257C813300F0816E /* Engine-Zapping.mp3 */ = {isa = PBXFileReference; lastKnownFileType = audio.mp3; path = "Engine-Zapping.mp3"; sourceTree = "<group>"; };
		84530490257C813300F0816E /* Emergency-Meeting.mp3 */ = {isa = PBXFileReference; lastKnownFileType = audio.mp3; path = "Emergency-Meeting.mp3"; sourceTree = "<group>"; };
		84530491257C813300F0816E /* Decontamination-Gas.mp3 */ = {isa = PBXFileReference; lastKnownFileType = audio.mp3; path = "Decontamination-Gas.mp3"; sourceTree = "<group>"; };
		84530492257C813300F0816E /* Walking-Metal.mp3 */ = {isa = PBXFileReference; lastKnownFileType = audio.mp3; path = "Walking-Metal.mp3"; sourceTree = "<group>"; };
		84530493257C813300F0816E /* Reactor-Place-Hand.mp3 */ = {isa = PBXFileReference; lastKnownFileType = audio.mp3; path = "Reactor-Place-Hand.mp3"; sourceTree = "<group>"; };
		84530494257C813300F0816E /* Vote-Other-Voted.mp3 */ = {isa = PBXFileReference; lastKnownFileType = audio.mp3; path = "Vote-Other-Voted.mp3"; sourceTree = "<group>"; };
		84530495257C813300F0816E /* Walking-Snow.mp3 */ = {isa = PBXFileReference; lastKnownFileType = audio.mp3; path = "Walking-Snow.mp3"; sourceTree = "<group>"; };
		84530496257C813300F0816E /* Walking-Glass.mp3 */ = {isa = PBXFileReference; lastKnownFileType = audio.mp3; path = "Walking-Glass.mp3"; sourceTree = "<group>"; };
		84530497257C813300F0816E /* Crisis.mp3 */ = {isa = PBXFileReference; lastKnownFileType = audio.mp3; path = Crisis.mp3; sourceTree = "<group>"; };
		84530498257C813300F0816E /* Door-Close-Sabotage.mp3 */ = {isa = PBXFileReference; lastKnownFileType = audio.mp3; path = "Door-Close-Sabotage.mp3"; sourceTree = "<group>"; };
		84530499257C813300F0816E /* Reactor-Meldown.mp3 */ = {isa = PBXFileReference; lastKnownFileType = audio.mp3; path = "Reactor-Meldown.mp3"; sourceTree = "<group>"; };
		8453049A257C813300F0816E /* Task-Complete.mp3 */ = {isa = PBXFileReference; lastKnownFileType = audio.mp3; path = "Task-Complete.mp3"; sourceTree = "<group>"; };
		845304CE257C8C3E00F0816E /* SoundService.swift */ = {isa = PBXFileReference; lastKnownFileType = sourcecode.swift; path = SoundService.swift; sourceTree = "<group>"; };
		845304D3257C926800F0816E /* Colors.swift */ = {isa = PBXFileReference; lastKnownFileType = sourcecode.swift; path = Colors.swift; sourceTree = "<group>"; };
		845304DA257C932100F0816E /* AppLogo.swift */ = {isa = PBXFileReference; lastKnownFileType = sourcecode.swift; path = AppLogo.swift; sourceTree = "<group>"; };
		845304DF257C974100F0816E /* ScreenSize.swift */ = {isa = PBXFileReference; lastKnownFileType = sourcecode.swift; path = ScreenSize.swift; sourceTree = "<group>"; };
		845304EB257CA1A200F0816E /* CustomRoundedButtonStyle.swift */ = {isa = PBXFileReference; lastKnownFileType = sourcecode.swift; path = CustomRoundedButtonStyle.swift; sourceTree = "<group>"; };
		845304EF257CA60200F0816E /* HelpButtonsStack.swift */ = {isa = PBXFileReference; lastKnownFileType = sourcecode.swift; path = HelpButtonsStack.swift; sourceTree = "<group>"; };
		845304F3257CAEC300F0816E /* SoundboardView.swift */ = {isa = PBXFileReference; lastKnownFileType = sourcecode.swift; path = SoundboardView.swift; sourceTree = "<group>"; };
		845304FC257CAF1500F0816E /* SoundButtonCell.swift */ = {isa = PBXFileReference; lastKnownFileType = sourcecode.swift; path = SoundButtonCell.swift; sourceTree = "<group>"; };
		84530503257CD64700F0816E /* CustomNavigationViewsStyle.swift */ = {isa = PBXFileReference; lastKnownFileType = sourcecode.swift; path = CustomNavigationViewsStyle.swift; sourceTree = "<group>"; };
		845A3A17257BF2C000735EDF /* AmongUSSoundboard.app */ = {isa = PBXFileReference; explicitFileType = wrapper.application; includeInIndex = 0; path = AmongUSSoundboard.app; sourceTree = BUILT_PRODUCTS_DIR; };
		845A3A1A257BF2C000735EDF /* AppDelegate.swift */ = {isa = PBXFileReference; lastKnownFileType = sourcecode.swift; path = AppDelegate.swift; sourceTree = "<group>"; };
		845A3A1C257BF2C000735EDF /* SceneDelegate.swift */ = {isa = PBXFileReference; lastKnownFileType = sourcecode.swift; path = SceneDelegate.swift; sourceTree = "<group>"; };
		845A3A1E257BF2C000735EDF /* MainView.swift */ = {isa = PBXFileReference; lastKnownFileType = sourcecode.swift; path = MainView.swift; sourceTree = "<group>"; };
		845A3A20257BF2C100735EDF /* Assets.xcassets */ = {isa = PBXFileReference; lastKnownFileType = folder.assetcatalog; path = Assets.xcassets; sourceTree = "<group>"; };
		845A3A23257BF2C100735EDF /* Preview Assets.xcassets */ = {isa = PBXFileReference; lastKnownFileType = folder.assetcatalog; path = "Preview Assets.xcassets"; sourceTree = "<group>"; };
		845A3A26257BF2C100735EDF /* Base */ = {isa = PBXFileReference; lastKnownFileType = file.storyboard; name = Base; path = Base.lproj/LaunchScreen.storyboard; sourceTree = "<group>"; };
		845A3A28257BF2C100735EDF /* Info.plist */ = {isa = PBXFileReference; lastKnownFileType = text.plist.xml; path = Info.plist; sourceTree = "<group>"; };
		845A3A43257BF97800735EDF /* SoundsList.swift */ = {isa = PBXFileReference; lastKnownFileType = sourcecode.swift; path = SoundsList.swift; sourceTree = "<group>"; };
/* End PBXFileReference section */

/* Begin PBXFrameworksBuildPhase section */
		845A3A14257BF2C000735EDF /* Frameworks */ = {
			isa = PBXFrameworksBuildPhase;
			buildActionMask = 2147483647;
			files = (
			);
			runOnlyForDeploymentPostprocessing = 0;
		};
/* End PBXFrameworksBuildPhase section */

/* Begin PBXGroup section */
		84530467257C7EFE00F0816E /* Model */ = {
			isa = PBXGroup;
			children = (
				84530468257C7F0B00F0816E /* AmongSound.swift */,
			);
			path = Model;
			sourceTree = "<group>";
		};
		845304CD257C8C3100F0816E /* Services */ = {
			isa = PBXGroup;
			children = (
				845304CE257C8C3E00F0816E /* SoundService.swift */,
			);
			path = Services;
			sourceTree = "<group>";
		};
		845304DE257C973100F0816E /* Utils */ = {
			isa = PBXGroup;
			children = (
				845304DF257C974100F0816E /* ScreenSize.swift */,
			);
			path = Utils;
			sourceTree = "<group>";
		};
		845304F2257CAEA000F0816E /* Soundboard */ = {
			isa = PBXGroup;
			children = (
				845304F3257CAEC300F0816E /* SoundboardView.swift */,
				845304FB257CAF0100F0816E /* CustomViews */,
			);
			path = Soundboard;
			sourceTree = "<group>";
		};
		845304FB257CAF0100F0816E /* CustomViews */ = {
			isa = PBXGroup;
			children = (
				845304FC257CAF1500F0816E /* SoundButtonCell.swift */,
			);
			path = CustomViews;
			sourceTree = "<group>";
		};
		845A3A0E257BF2C000735EDF = {
			isa = PBXGroup;
			children = (
				845A3A19257BF2C000735EDF /* AmongUSSoundboard */,
				845A3A18257BF2C000735EDF /* Products */,
			);
			sourceTree = "<group>";
		};
		845A3A18257BF2C000735EDF /* Products */ = {
			isa = PBXGroup;
			children = (
				845A3A17257BF2C000735EDF /* AmongUSSoundboard.app */,
			);
			name = Products;
			sourceTree = "<group>";
		};
		845A3A19257BF2C000735EDF /* AmongUSSoundboard */ = {
			isa = PBXGroup;
			children = (
				845304DE257C973100F0816E /* Utils */,
				845304CD257C8C3100F0816E /* Services */,
				84530467257C7EFE00F0816E /* Model */,
				845A3A42257BF96300735EDF /* Data */,
				845A3A38257BF39100735EDF /* Resources */,
				845304F2257CAEA000F0816E /* Soundboard */,
				845A3A3C257BF3CC00735EDF /* MainView */,
				845A3A3E257BF3E900735EDF /* Core */,
				845A3A20257BF2C100735EDF /* Assets.xcassets */,
				845A3A28257BF2C100735EDF /* Info.plist */,
				845A3A22257BF2C100735EDF /* Preview Content */,
			);
			path = AmongUSSoundboard;
			sourceTree = "<group>";
		};
		845A3A22257BF2C100735EDF /* Preview Content */ = {
			isa = PBXGroup;
			children = (
				845A3A23257BF2C100735EDF /* Preview Assets.xcassets */,
			);
			path = "Preview Content";
			sourceTree = "<group>";
		};
		845A3A38257BF39100735EDF /* Resources */ = {
			isa = PBXGroup;
			children = (
				845A3A39257BF39700735EDF /* Sounds */,
			);
			path = Resources;
			sourceTree = "<group>";
		};
		845A3A39257BF39700735EDF /* Sounds */ = {
			isa = PBXGroup;
			children = (
				84530470257C813100F0816E /* All-Vote-Typing.mp3 */,
				8453046C257C813100F0816E /* Astroid-Hit.mp3 */,
				8453047A257C813200F0816E /* Astroid-Shoot.mp3 */,
				8453046B257C813100F0816E /* Beverage.mp3 */,
				8453048C257C813300F0816E /* Body-Found.mp3 */,
				8453047F257C813200F0816E /* Buying-Beverage.mp3 */,
				84530489257C813300F0816E /* Comms-Radio.mp3 */,
				84530498257C813300F0816E /* Door-Close-Sabotage.mp3 */,
				84530471257C813100F0816E /* Crew-Win.mp3 */,
				84530497257C813300F0816E /* Crisis.mp3 */,
				84530479257C813200F0816E /* Death-1.mp3 */,
				8453047C257C813200F0816E /* Death-2-Stabbing.mp3 */,
				8453046F257C813100F0816E /* Death-3-Gun.mp3 */,
				84530475257C813100F0816E /* Death-4-Neck.mp3 */,
				84530491257C813300F0816E /* Decontamination-Gas.mp3 */,
				84530487257C813200F0816E /* Door-Open-Sabotage.mp3 */,
				8453048B257C813300F0816E /* Eject-Lava.mp3 */,
				8453047B257C813200F0816E /* Electric-Zapping-Snow.mp3 */,
				84530490257C813300F0816E /* Emergency-Meeting.mp3 */,
				8453048F257C813300F0816E /* Engine-Zapping.mp3 */,
				84530482257C813200F0816E /* Fixing-Communication.mp3 */,
				84530488257C813200F0816E /* Glass-Door-Slide-Close.mp3 */,
				8453047E257C813200F0816E /* Impostor-Win.mp3 */,
				84530486257C813200F0816E /* Joining-Lobby.mp3 */,
				8453046D257C813100F0816E /* Kill.mp3 */,
				84530476257C813200F0816E /* Light-Switch.mp3 */,
				8453048A257C813300F0816E /* Main-Theme.mp3 */,
				8453047D257C813200F0816E /* Medbay-Scan.mp3 */,
				8453046E257C813100F0816E /* Message.mp3 */,
				84530480257C813200F0816E /* Player-Spawn.mp3 */,
				84530499257C813300F0816E /* Reactor-Meldown.mp3 */,
				84530493257C813300F0816E /* Reactor-Place-Hand.mp3 */,
				8453048D257C813300F0816E /* Role-Reveal.mp3 */,
				84530485257C813200F0816E /* Spaceship-Ambiance-Lobby.mp3 */,
				8453049A257C813300F0816E /* Task-Complete.mp3 */,
				84530477257C813200F0816E /* Vent-Move.mp3 */,
				84530483257C813200F0816E /* Vent-Out.mp3 */,
				84530481257C813200F0816E /* Vote-Lock-In.mp3 */,
				84530494257C813300F0816E /* Vote-Other-Voted.mp3 */,
				84530478257C813200F0816E /* Vote-Timer.mp3 */,
				84530484257C813200F0816E /* Walking-Carpet.mp3 */,
				84530472257C813100F0816E /* Walking-Concrete.mp3 */,
				8453048E257C813300F0816E /* Walking-Dirt.mp3 */,
				84530496257C813300F0816E /* Walking-Glass.mp3 */,
				84530473257C813100F0816E /* Walking-Gravel.mp3 */,
				84530474257C813100F0816E /* Walking-Hardwood.mp3 */,
				84530492257C813300F0816E /* Walking-Metal.mp3 */,
				84530495257C813300F0816E /* Walking-Snow.mp3 */,
			);
			path = Sounds;
			sourceTree = "<group>";
		};
		845A3A3C257BF3CC00735EDF /* MainView */ = {
			isa = PBXGroup;
			children = (
				845A3A1E257BF2C000735EDF /* MainView.swift */,
				845A3A3D257BF3D200735EDF /* CustomViews */,
			);
			path = MainView;
			sourceTree = "<group>";
		};
		845A3A3D257BF3D200735EDF /* CustomViews */ = {
			isa = PBXGroup;
			children = (
				845304DA257C932100F0816E /* AppLogo.swift */,
				845304EB257CA1A200F0816E /* CustomRoundedButtonStyle.swift */,
				845304EF257CA60200F0816E /* HelpButtonsStack.swift */,
				84530503257CD64700F0816E /* CustomNavigationViewsStyle.swift */,
			);
			path = CustomViews;
			sourceTree = "<group>";
		};
		845A3A3E257BF3E900735EDF /* Core */ = {
			isa = PBXGroup;
			children = (
				845A3A1A257BF2C000735EDF /* AppDelegate.swift */,
				845A3A1C257BF2C000735EDF /* SceneDelegate.swift */,
				845A3A25257BF2C100735EDF /* LaunchScreen.storyboard */,
			);
			path = Core;
			sourceTree = "<group>";
		};
		845A3A42257BF96300735EDF /* Data */ = {
			isa = PBXGroup;
			children = (
				845A3A43257BF97800735EDF /* SoundsList.swift */,
				845304D3257C926800F0816E /* Colors.swift */,
			);
			path = Data;
			sourceTree = "<group>";
		};
/* End PBXGroup section */

/* Begin PBXNativeTarget section */
		845A3A16257BF2C000735EDF /* AmongUSSoundboard */ = {
			isa = PBXNativeTarget;
			buildConfigurationList = 845A3A2B257BF2C100735EDF /* Build configuration list for PBXNativeTarget "AmongUSSoundboard" */;
			buildPhases = (
				845A3A13257BF2C000735EDF /* Sources */,
				845A3A14257BF2C000735EDF /* Frameworks */,
				845A3A15257BF2C000735EDF /* Resources */,
			);
			buildRules = (
			);
			dependencies = (
			);
			name = AmongUSSoundboard;
			productName = AmongUSSoundboard;
			productReference = 845A3A17257BF2C000735EDF /* AmongUSSoundboard.app */;
			productType = "com.apple.product-type.application";
		};
/* End PBXNativeTarget section */

/* Begin PBXProject section */
		845A3A0F257BF2C000735EDF /* Project object */ = {
			isa = PBXProject;
			attributes = {
				LastSwiftUpdateCheck = 1220;
				LastUpgradeCheck = 1220;
				TargetAttributes = {
					845A3A16257BF2C000735EDF = {
						CreatedOnToolsVersion = 12.2;
					};
				};
			};
			buildConfigurationList = 845A3A12257BF2C000735EDF /* Build configuration list for PBXProject "AmongUSSoundboard" */;
			compatibilityVersion = "Xcode 9.3";
			developmentRegion = en;
			hasScannedForEncodings = 0;
			knownRegions = (
				en,
				Base,
			);
			mainGroup = 845A3A0E257BF2C000735EDF;
			productRefGroup = 845A3A18257BF2C000735EDF /* Products */;
			projectDirPath = "";
			projectRoot = "";
			targets = (
				845A3A16257BF2C000735EDF /* AmongUSSoundboard */,
			);
		};
/* End PBXProject section */

/* Begin PBXResourcesBuildPhase section */
		845A3A15257BF2C000735EDF /* Resources */ = {
			isa = PBXResourcesBuildPhase;
			buildActionMask = 2147483647;
			files = (
				845304B0257C813300F0816E /* Player-Spawn.mp3 in Resources */,
				845304AB257C813300F0816E /* Electric-Zapping-Snow.mp3 in Resources */,
				845304A0257C813300F0816E /* All-Vote-Typing.mp3 in Resources */,
				8453049D257C813300F0816E /* Kill.mp3 in Resources */,
				845304BC257C813300F0816E /* Body-Found.mp3 in Resources */,
				845304C7257C813300F0816E /* Crisis.mp3 in Resources */,
				8453049E257C813300F0816E /* Message.mp3 in Resources */,
				845304C2257C813300F0816E /* Walking-Metal.mp3 in Resources */,
				845304BA257C813300F0816E /* Main-Theme.mp3 in Resources */,
				845304C4257C813300F0816E /* Vote-Other-Voted.mp3 in Resources */,
				8453049F257C813300F0816E /* Death-3-Gun.mp3 in Resources */,
				845304B8257C813300F0816E /* Glass-Door-Slide-Close.mp3 in Resources */,
				845304A1257C813300F0816E /* Crew-Win.mp3 in Resources */,
				845304C1257C813300F0816E /* Decontamination-Gas.mp3 in Resources */,
				845304AE257C813300F0816E /* Impostor-Win.mp3 in Resources */,
				845304B5257C813300F0816E /* Spaceship-Ambiance-Lobby.mp3 in Resources */,
				845304C5257C813300F0816E /* Walking-Snow.mp3 in Resources */,
				845304CA257C813300F0816E /* Task-Complete.mp3 in Resources */,
				845304BF257C813300F0816E /* Engine-Zapping.mp3 in Resources */,
				845304B1257C813300F0816E /* Vote-Lock-In.mp3 in Resources */,
				845304BB257C813300F0816E /* Eject-Lava.mp3 in Resources */,
				845304A6257C813300F0816E /* Light-Switch.mp3 in Resources */,
				845A3A27257BF2C100735EDF /* LaunchScreen.storyboard in Resources */,
				845304BE257C813300F0816E /* Walking-Dirt.mp3 in Resources */,
				845304C8257C813300F0816E /* Door-Close-Sabotage.mp3 in Resources */,
				845304A9257C813300F0816E /* Death-1.mp3 in Resources */,
				845304BD257C813300F0816E /* Role-Reveal.mp3 in Resources */,
				845304C9257C813300F0816E /* Reactor-Meldown.mp3 in Resources */,
				845304B3257C813300F0816E /* Vent-Out.mp3 in Resources */,
				845304B2257C813300F0816E /* Fixing-Communication.mp3 in Resources */,
				845304AD257C813300F0816E /* Medbay-Scan.mp3 in Resources */,
				845304A2257C813300F0816E /* Walking-Concrete.mp3 in Resources */,
				845304A3257C813300F0816E /* Walking-Gravel.mp3 in Resources */,
				845304B6257C813300F0816E /* Joining-Lobby.mp3 in Resources */,
				845304AF257C813300F0816E /* Buying-Beverage.mp3 in Resources */,
				845A3A24257BF2C100735EDF /* Preview Assets.xcassets in Resources */,
				845304A4257C813300F0816E /* Walking-Hardwood.mp3 in Resources */,
				845A3A21257BF2C100735EDF /* Assets.xcassets in Resources */,
				845304A7257C813300F0816E /* Vent-Move.mp3 in Resources */,
				8453049C257C813300F0816E /* Astroid-Hit.mp3 in Resources */,
				845304A8257C813300F0816E /* Vote-Timer.mp3 in Resources */,
				845304B7257C813300F0816E /* Door-Open-Sabotage.mp3 in Resources */,
				8453049B257C813300F0816E /* Beverage.mp3 in Resources */,
				845304A5257C813300F0816E /* Death-4-Neck.mp3 in Resources */,
				845304C3257C813300F0816E /* Reactor-Place-Hand.mp3 in Resources */,
				845304B9257C813300F0816E /* Comms-Radio.mp3 in Resources */,
				845304B4257C813300F0816E /* Walking-Carpet.mp3 in Resources */,
				845304AC257C813300F0816E /* Death-2-Stabbing.mp3 in Resources */,
				845304AA257C813300F0816E /* Astroid-Shoot.mp3 in Resources */,
				845304C6257C813300F0816E /* Walking-Glass.mp3 in Resources */,
				845304C0257C813300F0816E /* Emergency-Meeting.mp3 in Resources */,
			);
			runOnlyForDeploymentPostprocessing = 0;
		};
/* End PBXResourcesBuildPhase section */

/* Begin PBXSourcesBuildPhase section */
		845A3A13257BF2C000735EDF /* Sources */ = {
			isa = PBXSourcesBuildPhase;
			buildActionMask = 2147483647;
			files = (
				845A3A1B257BF2C000735EDF /* AppDelegate.swift in Sources */,
				845304E0257C974100F0816E /* ScreenSize.swift in Sources */,
				845304FD257CAF1500F0816E /* SoundButtonCell.swift in Sources */,
				845304F0257CA60200F0816E /* HelpButtonsStack.swift in Sources */,
				84530504257CD64700F0816E /* CustomNavigationViewsStyle.swift in Sources */,
				845304F4257CAEC300F0816E /* SoundboardView.swift in Sources */,
				845A3A1D257BF2C000735EDF /* SceneDelegate.swift in Sources */,
				845304DB257C932100F0816E /* AppLogo.swift in Sources */,
				84530469257C7F0B00F0816E /* AmongSound.swift in Sources */,
				845304EC257CA1A200F0816E /* CustomRoundedButtonStyle.swift in Sources */,
				845304D4257C926800F0816E /* Colors.swift in Sources */,
				845A3A1F257BF2C000735EDF /* MainView.swift in Sources */,
				845A3A44257BF97800735EDF /* SoundsList.swift in Sources */,
				845304CF257C8C3E00F0816E /* SoundService.swift in Sources */,
			);
			runOnlyForDeploymentPostprocessing = 0;
		};
/* End PBXSourcesBuildPhase section */

/* Begin PBXVariantGroup section */
		845A3A25257BF2C100735EDF /* LaunchScreen.storyboard */ = {
			isa = PBXVariantGroup;
			children = (
				845A3A26257BF2C100735EDF /* Base */,
			);
			name = LaunchScreen.storyboard;
			sourceTree = "<group>";
		};
/* End PBXVariantGroup section */

/* Begin XCBuildConfiguration section */
		845A3A29257BF2C100735EDF /* Debug */ = {
			isa = XCBuildConfiguration;
			buildSettings = {
				ALWAYS_SEARCH_USER_PATHS = NO;
				CLANG_ANALYZER_NONNULL = YES;
				CLANG_ANALYZER_NUMBER_OBJECT_CONVERSION = YES_AGGRESSIVE;
				CLANG_CXX_LANGUAGE_STANDARD = "gnu++14";
				CLANG_CXX_LIBRARY = "libc++";
				CLANG_ENABLE_MODULES = YES;
				CLANG_ENABLE_OBJC_ARC = YES;
				CLANG_ENABLE_OBJC_WEAK = YES;
				CLANG_WARN_BLOCK_CAPTURE_AUTORELEASING = YES;
				CLANG_WARN_BOOL_CONVERSION = YES;
				CLANG_WARN_COMMA = YES;
				CLANG_WARN_CONSTANT_CONVERSION = YES;
				CLANG_WARN_DEPRECATED_OBJC_IMPLEMENTATIONS = YES;
				CLANG_WARN_DIRECT_OBJC_ISA_USAGE = YES_ERROR;
				CLANG_WARN_DOCUMENTATION_COMMENTS = YES;
				CLANG_WARN_EMPTY_BODY = YES;
				CLANG_WARN_ENUM_CONVERSION = YES;
				CLANG_WARN_INFINITE_RECURSION = YES;
				CLANG_WARN_INT_CONVERSION = YES;
				CLANG_WARN_NON_LITERAL_NULL_CONVERSION = YES;
				CLANG_WARN_OBJC_IMPLICIT_RETAIN_SELF = YES;
				CLANG_WARN_OBJC_LITERAL_CONVERSION = YES;
				CLANG_WARN_OBJC_ROOT_CLASS = YES_ERROR;
				CLANG_WARN_QUOTED_INCLUDE_IN_FRAMEWORK_HEADER = YES;
				CLANG_WARN_RANGE_LOOP_ANALYSIS = YES;
				CLANG_WARN_STRICT_PROTOTYPES = YES;
				CLANG_WARN_SUSPICIOUS_MOVE = YES;
				CLANG_WARN_UNGUARDED_AVAILABILITY = YES_AGGRESSIVE;
				CLANG_WARN_UNREACHABLE_CODE = YES;
				CLANG_WARN__DUPLICATE_METHOD_MATCH = YES;
				COPY_PHASE_STRIP = NO;
				DEBUG_INFORMATION_FORMAT = dwarf;
				ENABLE_STRICT_OBJC_MSGSEND = YES;
				ENABLE_TESTABILITY = YES;
				GCC_C_LANGUAGE_STANDARD = gnu11;
				GCC_DYNAMIC_NO_PIC = NO;
				GCC_NO_COMMON_BLOCKS = YES;
				GCC_OPTIMIZATION_LEVEL = 0;
				GCC_PREPROCESSOR_DEFINITIONS = (
					"DEBUG=1",
					"$(inherited)",
				);
				GCC_WARN_64_TO_32_BIT_CONVERSION = YES;
				GCC_WARN_ABOUT_RETURN_TYPE = YES_ERROR;
				GCC_WARN_UNDECLARED_SELECTOR = YES;
				GCC_WARN_UNINITIALIZED_AUTOS = YES_AGGRESSIVE;
				GCC_WARN_UNUSED_FUNCTION = YES;
				GCC_WARN_UNUSED_VARIABLE = YES;
				IPHONEOS_DEPLOYMENT_TARGET = 14.2;
				MTL_ENABLE_DEBUG_INFO = INCLUDE_SOURCE;
				MTL_FAST_MATH = YES;
				ONLY_ACTIVE_ARCH = YES;
				SDKROOT = iphoneos;
				SWIFT_ACTIVE_COMPILATION_CONDITIONS = DEBUG;
				SWIFT_OPTIMIZATION_LEVEL = "-Onone";
			};
			name = Debug;
		};
		845A3A2A257BF2C100735EDF /* Release */ = {
			isa = XCBuildConfiguration;
			buildSettings = {
				ALWAYS_SEARCH_USER_PATHS = NO;
				CLANG_ANALYZER_NONNULL = YES;
				CLANG_ANALYZER_NUMBER_OBJECT_CONVERSION = YES_AGGRESSIVE;
				CLANG_CXX_LANGUAGE_STANDARD = "gnu++14";
				CLANG_CXX_LIBRARY = "libc++";
				CLANG_ENABLE_MODULES = YES;
				CLANG_ENABLE_OBJC_ARC = YES;
				CLANG_ENABLE_OBJC_WEAK = YES;
				CLANG_WARN_BLOCK_CAPTURE_AUTORELEASING = YES;
				CLANG_WARN_BOOL_CONVERSION = YES;
				CLANG_WARN_COMMA = YES;
				CLANG_WARN_CONSTANT_CONVERSION = YES;
				CLANG_WARN_DEPRECATED_OBJC_IMPLEMENTATIONS = YES;
				CLANG_WARN_DIRECT_OBJC_ISA_USAGE = YES_ERROR;
				CLANG_WARN_DOCUMENTATION_COMMENTS = YES;
				CLANG_WARN_EMPTY_BODY = YES;
				CLANG_WARN_ENUM_CONVERSION = YES;
				CLANG_WARN_INFINITE_RECURSION = YES;
				CLANG_WARN_INT_CONVERSION = YES;
				CLANG_WARN_NON_LITERAL_NULL_CONVERSION = YES;
				CLANG_WARN_OBJC_IMPLICIT_RETAIN_SELF = YES;
				CLANG_WARN_OBJC_LITERAL_CONVERSION = YES;
				CLANG_WARN_OBJC_ROOT_CLASS = YES_ERROR;
				CLANG_WARN_QUOTED_INCLUDE_IN_FRAMEWORK_HEADER = YES;
				CLANG_WARN_RANGE_LOOP_ANALYSIS = YES;
				CLANG_WARN_STRICT_PROTOTYPES = YES;
				CLANG_WARN_SUSPICIOUS_MOVE = YES;
				CLANG_WARN_UNGUARDED_AVAILABILITY = YES_AGGRESSIVE;
				CLANG_WARN_UNREACHABLE_CODE = YES;
				CLANG_WARN__DUPLICATE_METHOD_MATCH = YES;
				COPY_PHASE_STRIP = NO;
				DEBUG_INFORMATION_FORMAT = "dwarf-with-dsym";
				ENABLE_NS_ASSERTIONS = NO;
				ENABLE_STRICT_OBJC_MSGSEND = YES;
				GCC_C_LANGUAGE_STANDARD = gnu11;
				GCC_NO_COMMON_BLOCKS = YES;
				GCC_WARN_64_TO_32_BIT_CONVERSION = YES;
				GCC_WARN_ABOUT_RETURN_TYPE = YES_ERROR;
				GCC_WARN_UNDECLARED_SELECTOR = YES;
				GCC_WARN_UNINITIALIZED_AUTOS = YES_AGGRESSIVE;
				GCC_WARN_UNUSED_FUNCTION = YES;
				GCC_WARN_UNUSED_VARIABLE = YES;
				IPHONEOS_DEPLOYMENT_TARGET = 14.2;
				MTL_ENABLE_DEBUG_INFO = NO;
				MTL_FAST_MATH = YES;
				SDKROOT = iphoneos;
				SWIFT_COMPILATION_MODE = wholemodule;
				SWIFT_OPTIMIZATION_LEVEL = "-O";
				VALIDATE_PRODUCT = YES;
			};
			name = Release;
		};
		845A3A2C257BF2C100735EDF /* Debug */ = {
			isa = XCBuildConfiguration;
			buildSettings = {
				ASSETCATALOG_COMPILER_APPICON_NAME = AppIcon;
				ASSETCATALOG_COMPILER_GLOBAL_ACCENT_COLOR_NAME = AccentColor;
				CODE_SIGN_STYLE = Automatic;
				DEVELOPMENT_ASSET_PATHS = "\"AmongUSSoundboard/Preview Content\"";
				DEVELOPMENT_TEAM = 4C2JFX4D74;
				ENABLE_PREVIEWS = YES;
				INFOPLIST_FILE = AmongUSSoundboard/Info.plist;
				LD_RUNPATH_SEARCH_PATHS = (
					"$(inherited)",
					"@executable_path/Frameworks",
				);
				PRODUCT_BUNDLE_IDENTIFIER = ibrahimkarababa.AmongUSSoundboard;
				PRODUCT_NAME = "$(TARGET_NAME)";
				SWIFT_VERSION = 5.0;
				TARGETED_DEVICE_FAMILY = "1,2";
			};
			name = Debug;
		};
		845A3A2D257BF2C100735EDF /* Release */ = {
			isa = XCBuildConfiguration;
			buildSettings = {
				ASSETCATALOG_COMPILER_APPICON_NAME = AppIcon;
				ASSETCATALOG_COMPILER_GLOBAL_ACCENT_COLOR_NAME = AccentColor;
				CODE_SIGN_STYLE = Automatic;
				DEVELOPMENT_ASSET_PATHS = "\"AmongUSSoundboard/Preview Content\"";
				DEVELOPMENT_TEAM = 4C2JFX4D74;
				ENABLE_PREVIEWS = YES;
				INFOPLIST_FILE = AmongUSSoundboard/Info.plist;
				LD_RUNPATH_SEARCH_PATHS = (
					"$(inherited)",
					"@executable_path/Frameworks",
				);
				PRODUCT_BUNDLE_IDENTIFIER = ibrahimkarababa.AmongUSSoundboard;
				PRODUCT_NAME = "$(TARGET_NAME)";
				SWIFT_VERSION = 5.0;
				TARGETED_DEVICE_FAMILY = "1,2";
			};
			name = Release;
		};
/* End XCBuildConfiguration section */

/* Begin XCConfigurationList section */
		845A3A12257BF2C000735EDF /* Build configuration list for PBXProject "AmongUSSoundboard" */ = {
			isa = XCConfigurationList;
			buildConfigurations = (
				845A3A29257BF2C100735EDF /* Debug */,
				845A3A2A257BF2C100735EDF /* Release */,
			);
			defaultConfigurationIsVisible = 0;
			defaultConfigurationName = Release;
		};
		845A3A2B257BF2C100735EDF /* Build configuration list for PBXNativeTarget "AmongUSSoundboard" */ = {
			isa = XCConfigurationList;
			buildConfigurations = (
				845A3A2C257BF2C100735EDF /* Debug */,
				845A3A2D257BF2C100735EDF /* Release */,
			);
			defaultConfigurationIsVisible = 0;
			defaultConfigurationName = Release;
		};
/* End XCConfigurationList section */
	};
	rootObject = 845A3A0F257BF2C000735EDF /* Project object */;
}
